
Microsoft Visual Studio Solution File, Format Version 12.00
# Visual Studio 15
VisualStudioVersion = 15.0.28307.168
MinimumVisualStudioVersion = 10.0.40219.1
Project("{FAE04EC0-301F-11D3-BF4B-00C04F79EFBC}") = "Our.Umbraco.HealthChecks.Privacy", "Our.Umbraco.HealthChecks.Privacy\Our.Umbraco.HealthChecks.Privacy.csproj", "{1F065AFD-A16F-45CF-8D06-58F0D14718DF}"
EndProject
Global
	GlobalSection(SolutionConfigurationPlatforms) = preSolution
		Debug|Any CPU = Debug|Any CPU
		Release|Any CPU = Release|Any CPU
	EndGlobalSection
	GlobalSection(ProjectConfigurationPlatforms) = postSolution
		{1F065AFD-A16F-45CF-8D06-58F0D14718DF}.Debug|Any CPU.ActiveCfg = Debug|Any CPU
		{1F065AFD-A16F-45CF-8D06-58F0D14718DF}.Debug|Any CPU.Build.0 = Debug|Any CPU
		{1F065AFD-A16F-45CF-8D06-58F0D14718DF}.Release|Any CPU.ActiveCfg = Release|Any CPU
		{1F065AFD-A16F-45CF-8D06-58F0D14718DF}.Release|Any CPU.Build.0 = Release|Any CPU
	EndGlobalSection
	GlobalSection(SolutionProperties) = preSolution
		HideSolutionNode = FALSE
	EndGlobalSection
	GlobalSection(ExtensibilityGlobals) = postSolution
		SolutionGuid = {8D68A792-C617-49BA-9529-2DE897574B54}
	EndGlobalSection
EndGlobal
